{
  "name": "doppel_new",
  "version": "1.0.0",
  "lockfileVersion": 2,
  "requires": true,
  "packages": {
    "": {
      "version": "1.0.0",
      "license": "MIT",
      "dependencies": {
        "avconv": "^3.1.0",
        "cron": "^1.8.2",
        "discord.js": "^12.5.2",
        "ffmpeg": "^0.0.4",
        "ffmpeg-static": "^4.3.0",
        "opusscript": "^0.0.8",
        "sodium": "^3.0.2",
        "ytdl-core": "^4.5.0"
      }
    },
    "node_modules/@derhuerst/http-basic": {
      "version": "8.2.1",
      "license": "MIT",
      "dependencies": {
        "caseless": "^0.12.0",
        "concat-stream": "^1.6.2",
        "http-response-object": "^3.0.1",
        "parse-cache-control": "^1.0.1"
      },
      "engines": {
        "node": ">=6.0.0"
      }
    },
    "node_modules/@discordjs/collection": {
      "version": "0.1.6",
      "license": "Apache-2.0"
    },
    "node_modules/@discordjs/form-data": {
      "version": "3.0.1",
      "license": "MIT",
      "dependencies": {
        "asynckit": "^0.4.0",
        "combined-stream": "^1.0.8",
        "mime-types": "^2.1.12"
      },
      "engines": {
        "node": ">= 6"
      }
    },
    "node_modules/@types/node": {
      "version": "10.17.56",
      "license": "MIT"
    },
    "node_modules/abort-controller": {
      "version": "3.0.0",
      "license": "MIT",
      "dependencies": {
        "event-target-shim": "^5.0.0"
      },
      "engines": {
        "node": ">=6.5"
      }
    },
    "node_modules/agent-base": {
      "version": "6.0.2",
      "license": "MIT",
      "dependencies": {
        "debug": "4"
      },
      "engines": {
        "node": ">= 6.0.0"
      }
    },
    "node_modules/asynckit": {
      "version": "0.4.0",
      "license": "MIT"
    },
    "node_modules/avconv": {
      "version": "3.1.0",
      "resolved": "https://registry.npmjs.org/avconv/-/avconv-3.1.0.tgz",
      "integrity": "sha1-uzYM9GR5WJn+MyxEjiITIoSub9k=",
      "engines": {
        "node": ">=4.2.0"
      }
    },
    "node_modules/buffer-from": {
      "version": "1.1.1",
      "license": "MIT"
    },
    "node_modules/caseless": {
      "version": "0.12.0",
      "license": "Apache-2.0"
    },
    "node_modules/combined-stream": {
      "version": "1.0.8",
      "license": "MIT",
      "dependencies": {
        "delayed-stream": "~1.0.0"
      },
      "engines": {
        "node": ">= 0.8"
      }
    },
    "node_modules/concat-stream": {
      "version": "1.6.2",
      "engines": [
        "node >= 0.8"
      ],
      "license": "MIT",
      "dependencies": {
        "buffer-from": "^1.0.0",
        "inherits": "^2.0.3",
        "readable-stream": "^2.2.2",
        "typedarray": "^0.0.6"
      }
    },
    "node_modules/core-util-is": {
      "version": "1.0.2",
      "license": "MIT"
    },
    "node_modules/cron": {
      "version": "1.8.2",
      "license": "MIT",
      "dependencies": {
        "moment-timezone": "^0.5.x"
      }
    },
    "node_modules/debug": {
      "version": "4.3.1",
      "license": "MIT",
      "dependencies": {
        "ms": "2.1.2"
      },
      "engines": {
        "node": ">=6.0"
      },
      "peerDependenciesMeta": {
        "supports-color": {
          "optional": true
        }
      }
    },
    "node_modules/delayed-stream": {
      "version": "1.0.0",
      "license": "MIT",
      "engines": {
        "node": ">=0.4.0"
      }
    },
    "node_modules/discord.js": {
      "version": "12.5.2",
      "license": "Apache-2.0",
      "dependencies": {
        "@discordjs/collection": "^0.1.6",
        "@discordjs/form-data": "^3.0.1",
        "abort-controller": "^3.0.0",
        "node-fetch": "^2.6.1",
        "prism-media": "^1.2.9",
        "setimmediate": "^1.0.5",
        "tweetnacl": "^1.0.3",
        "ws": "^7.4.4"
      },
      "engines": {
        "node": ">=12.0.0"
      }
    },
    "node_modules/env-paths": {
      "version": "2.2.1",
      "license": "MIT",
      "engines": {
        "node": ">=6"
      }
    },
    "node_modules/event-target-shim": {
      "version": "5.0.1",
      "license": "MIT",
      "engines": {
        "node": ">=6"
      }
    },
    "node_modules/ffmpeg": {
      "version": "0.0.4",
      "resolved": "https://registry.npmjs.org/ffmpeg/-/ffmpeg-0.0.4.tgz",
      "integrity": "sha1-HEYN+OfaUSf2LO70v6BsWciWMMs=",
      "dependencies": {
        "when": ">= 0.0.1"
      }
    },
    "node_modules/ffmpeg-static": {
      "version": "4.3.0",
      "hasInstallScript": true,
      "license": "GPL-3.0-or-later",
      "dependencies": {
        "@derhuerst/http-basic": "^8.2.0",
        "env-paths": "^2.2.0",
        "https-proxy-agent": "^5.0.0",
        "progress": "^2.0.3"
      },
      "engines": {
        "node": ">=10"
      }
    },
    "node_modules/http-response-object": {
      "version": "3.0.2",
      "license": "MIT",
      "dependencies": {
        "@types/node": "^10.0.3"
      }
    },
    "node_modules/https-proxy-agent": {
      "version": "5.0.0",
      "license": "MIT",
      "dependencies": {
        "agent-base": "6",
        "debug": "4"
      },
      "engines": {
        "node": ">= 6"
      }
    },
    "node_modules/inherits": {
      "version": "2.0.4",
      "license": "ISC"
    },
    "node_modules/isarray": {
      "version": "1.0.0",
      "license": "MIT"
    },
    "node_modules/m3u8stream": {
      "version": "0.8.3",
      "resolved": "https://registry.npmjs.org/m3u8stream/-/m3u8stream-0.8.3.tgz",
      "integrity": "sha512-0nAcdrF8YJKUkb6PzWdvGftTPyCVWgoiot1AkNVbPKTeIGsWs6DrOjifrJ0Zi8WQfQmD2SuVCjkYIOip12igng==",
      "dependencies": {
        "miniget": "^4.0.0",
        "sax": "^1.2.4"
      },
      "engines": {
        "node": ">=10"
      }
    },
    "node_modules/mime-db": {
      "version": "1.47.0",
      "license": "MIT",
      "engines": {
        "node": ">= 0.6"
      }
    },
    "node_modules/mime-types": {
      "version": "2.1.30",
      "license": "MIT",
      "dependencies": {
        "mime-db": "1.47.0"
      },
      "engines": {
        "node": ">= 0.6"
      }
    },
    "node_modules/miniget": {
      "version": "4.2.0",
      "resolved": "https://registry.npmjs.org/miniget/-/miniget-4.2.0.tgz",
      "integrity": "sha512-IzTOaNgBw/qEpzkPTE7X2cUVXQfSKbG8w52Emi93zb+Zya2ZFrbmavpixzebuDJD9Ku4ecbaFlC7Y1cEESzQtQ==",
      "engines": {
        "node": ">=10"
      }
    },
    "node_modules/moment": {
      "version": "2.29.1",
      "license": "MIT",
      "engines": {
        "node": "*"
      }
    },
    "node_modules/moment-timezone": {
      "version": "0.5.33",
      "license": "MIT",
      "dependencies": {
        "moment": ">= 2.9.0"
      },
      "engines": {
        "node": "*"
      }
    },
    "node_modules/ms": {
      "version": "2.1.2",
      "license": "MIT"
    },
    "node_modules/node-addon-api": {
      "version": "3.1.0",
      "license": "MIT"
    },
    "node_modules/node-fetch": {
      "version": "2.6.1",
      "license": "MIT",
      "engines": {
        "node": "4.x || >=6.0.0"
      }
    },
    "node_modules/opusscript": {
      "version": "0.0.8",
      "license": "MIT"
    },
    "node_modules/parse-cache-control": {
      "version": "1.0.1"
    },
    "node_modules/prism-media": {
      "version": "1.2.9",
      "license": "Apache-2.0",
      "peerDependencies": {
        "@discordjs/opus": "^0.5.0",
        "ffmpeg-static": "^4.2.7 || ^3.0.0 || ^2.4.0",
        "node-opus": "^0.3.3",
        "opusscript": "^0.0.8"
      },
      "peerDependenciesMeta": {
        "@discordjs/opus": {
          "optional": true
        },
        "ffmpeg-static": {
          "optional": true
        },
        "node-opus": {
          "optional": true
        },
        "opusscript": {
          "optional": true
        }
      }
    },
    "node_modules/process-nextick-args": {
      "version": "2.0.1",
      "license": "MIT"
    },
    "node_modules/progress": {
      "version": "2.0.3",
      "license": "MIT",
      "engines": {
        "node": ">=0.4.0"
      }
    },
    "node_modules/readable-stream": {
      "version": "2.3.7",
      "license": "MIT",
      "dependencies": {
        "core-util-is": "~1.0.0",
        "inherits": "~2.0.3",
        "isarray": "~1.0.0",
        "process-nextick-args": "~2.0.0",
        "safe-buffer": "~5.1.1",
        "string_decoder": "~1.1.1",
        "util-deprecate": "~1.0.1"
      }
    },
    "node_modules/safe-buffer": {
      "version": "5.1.2",
      "license": "MIT"
    },
    "node_modules/sax": {
      "version": "1.2.4",
      "resolved": "https://registry.npmjs.org/sax/-/sax-1.2.4.tgz",
      "integrity": "sha512-NqVDv9TpANUjFm0N8uM5GxL36UgKi9/atZw+x7YFnQ8ckwFGKrl4xX4yWtrey3UJm5nP1kUbnYgLopqWNSRhWw=="
    },
    "node_modules/setimmediate": {
      "version": "1.0.5",
      "license": "MIT"
    },
    "node_modules/sodium": {
      "version": "3.0.2",
      "hasInstallScript": true,
      "license": "MIT",
      "dependencies": {
        "node-addon-api": "*"
      }
    },
    "node_modules/string_decoder": {
      "version": "1.1.1",
      "license": "MIT",
      "dependencies": {
        "safe-buffer": "~5.1.0"
      }
    },
    "node_modules/tweetnacl": {
      "version": "1.0.3",
      "license": "Unlicense"
    },
    "node_modules/typedarray": {
      "version": "0.0.6",
      "license": "MIT"
    },
    "node_modules/util-deprecate": {
      "version": "1.0.2",
      "license": "MIT"
    },
    "node_modules/when": {
      "version": "3.7.8",
      "resolved": "https://registry.npmjs.org/when/-/when-3.7.8.tgz",
      "integrity": "sha1-xxMLan6gRpPoQs3J56Hyqjmjn4I="
    },
    "node_modules/ws": {
      "version": "7.4.4",
      "license": "MIT",
      "engines": {
        "node": ">=8.3.0"
      },
      "peerDependencies": {
        "bufferutil": "^4.0.1",
        "utf-8-validate": "^5.0.2"
      },
      "peerDependenciesMeta": {
        "bufferutil": {
          "optional": true
        },
        "utf-8-validate": {
          "optional": true
        }
      }
    },
    "node_modules/ytdl-core": {
      "version": "4.5.0",
      "resolved": "https://registry.npmjs.org/ytdl-core/-/ytdl-core-4.5.0.tgz",
      "integrity": "sha512-e8r6skrakWNixsVlNPBMoRM1HrdW1swE97If9nenDUjF65uogYk4DvxIuqlmqRfBWKe+6aIZwqedNxUU9XLYJA==",
      "dependencies": {
        "m3u8stream": "^0.8.3",
        "miniget": "^4.0.0",
        "sax": "^1.1.3"
      },
      "engines": {
        "node": ">=10"
      }
    }
  },
  "dependencies": {
    "@derhuerst/http-basic": {
      "version": "8.2.1",
      "requires": {
        "caseless": "^0.12.0",
        "concat-stream": "^1.6.2",
        "http-response-object": "^3.0.1",
        "parse-cache-control": "^1.0.1"
      }
    },
    "@discordjs/collection": {
      "version": "0.1.6"
    },
    "@discordjs/form-data": {
      "version": "3.0.1",
      "requires": {
        "asynckit": "^0.4.0",
        "combined-stream": "^1.0.8",
        "mime-types": "^2.1.12"
      }
    },
    "@types/node": {
      "version": "10.17.56"
    },
    "abort-controller": {
      "version": "3.0.0",
      "requires": {
        "event-target-shim": "^5.0.0"
      }
    },
    "agent-base": {
      "version": "6.0.2",
      "requires": {
        "debug": "4"
      }
    },
    "asynckit": {
      "version": "0.4.0"
    },
    "avconv": {
      "version": "3.1.0",
      "resolved": "https://registry.npmjs.org/avconv/-/avconv-3.1.0.tgz",
      "integrity": "sha1-uzYM9GR5WJn+MyxEjiITIoSub9k="
    },
    "buffer-from": {
      "version": "1.1.1"
    },
    "caseless": {
      "version": "0.12.0"
    },
    "combined-stream": {
      "version": "1.0.8",
      "requires": {
        "delayed-stream": "~1.0.0"
      }
    },
    "concat-stream": {
      "version": "1.6.2",
      "requires": {
        "buffer-from": "^1.0.0",
        "inherits": "^2.0.3",
        "readable-stream": "^2.2.2",
        "typedarray": "^0.0.6"
      }
    },
    "core-util-is": {
      "version": "1.0.2"
    },
    "cron": {
      "version": "1.8.2",
      "requires": {
        "moment-timezone": "^0.5.x"
      }
    },
    "debug": {
      "version": "4.3.1",
      "requires": {
        "ms": "2.1.2"
      }
    },
    "delayed-stream": {
      "version": "1.0.0"
    },
    "discord.js": {
      "version": "12.5.2",
      "requires": {
        "@discordjs/collection": "^0.1.6",
        "@discordjs/form-data": "^3.0.1",
        "abort-controller": "^3.0.0",
        "node-fetch": "^2.6.1",
        "prism-media": "^1.2.9",
        "setimmediate": "^1.0.5",
        "tweetnacl": "^1.0.3",
        "ws": "^7.4.4"
      }
    },
    "env-paths": {
      "version": "2.2.1"
    },
    "event-target-shim": {
      "version": "5.0.1"
    },
    "ffmpeg": {
      "version": "0.0.4",
      "resolved": "https://registry.npmjs.org/ffmpeg/-/ffmpeg-0.0.4.tgz",
      "integrity": "sha1-HEYN+OfaUSf2LO70v6BsWciWMMs=",
      "requires": {
        "when": ">= 0.0.1"
      }
    },
    "ffmpeg-static": {
      "version": "4.3.0",
      "requires": {
        "@derhuerst/http-basic": "^8.2.0",
        "env-paths": "^2.2.0",
        "https-proxy-agent": "^5.0.0",
        "progress": "^2.0.3"
      }
    },
    "http-response-object": {
      "version": "3.0.2",
      "requires": {
        "@types/node": "^10.0.3"
      }
    },
    "https-proxy-agent": {
      "version": "5.0.0",
      "requires": {
        "agent-base": "6",
        "debug": "4"
      }
    },
    "inherits": {
      "version": "2.0.4"
    },
    "isarray": {
      "version": "1.0.0"
    },
    "m3u8stream": {
      "version": "0.8.3",
      "resolved": "https://registry.npmjs.org/m3u8stream/-/m3u8stream-0.8.3.tgz",
      "integrity": "sha512-0nAcdrF8YJKUkb6PzWdvGftTPyCVWgoiot1AkNVbPKTeIGsWs6DrOjifrJ0Zi8WQfQmD2SuVCjkYIOip12igng==",
      "requires": {
        "miniget": "^4.0.0",
        "sax": "^1.2.4"
      }
    },
    "mime-db": {
      "version": "1.47.0"
    },
    "mime-types": {
      "version": "2.1.30",
      "requires": {
        "mime-db": "1.47.0"
      }
    },
    "miniget": {
      "version": "4.2.0",
      "resolved": "https://registry.npmjs.org/miniget/-/miniget-4.2.0.tgz",
      "integrity": "sha512-IzTOaNgBw/qEpzkPTE7X2cUVXQfSKbG8w52Emi93zb+Zya2ZFrbmavpixzebuDJD9Ku4ecbaFlC7Y1cEESzQtQ=="
    },
    "moment": {
      "version": "2.29.1"
    },
    "moment-timezone": {
      "version": "0.5.33",
      "requires": {
        "moment": ">= 2.9.0"
      }
    },
    "ms": {
      "version": "2.1.2"
    },
    "node-addon-api": {
      "version": "3.1.0"
    },
    "node-fetch": {
      "version": "2.6.1"
    },
    "opusscript": {
      "version": "0.0.8"
    },
    "parse-cache-control": {
      "version": "1.0.1"
    },
    "prism-media": {
      "version": "1.2.9",
      "requires": {}
    },
    "process-nextick-args": {
      "version": "2.0.1"
    },
    "progress": {
      "version": "2.0.3"
    },
    "readable-stream": {
      "version": "2.3.7",
      "requires": {
        "core-util-is": "~1.0.0",
        "inherits": "~2.0.3",
        "isarray": "~1.0.0",
        "process-nextick-args": "~2.0.0",
        "safe-buffer": "~5.1.1",
        "string_decoder": "~1.1.1",
        "util-deprecate": "~1.0.1"
      }
    },
    "safe-buffer": {
      "version": "5.1.2"
    },
    "sax": {
      "version": "1.2.4",
      "resolved": "https://registry.npmjs.org/sax/-/sax-1.2.4.tgz",
      "integrity": "sha512-NqVDv9TpANUjFm0N8uM5GxL36UgKi9/atZw+x7YFnQ8ckwFGKrl4xX4yWtrey3UJm5nP1kUbnYgLopqWNSRhWw=="
    },
    "setimmediate": {
      "version": "1.0.5"
    },
    "sodium": {
      "version": "3.0.2",
      "requires": {
        "node-addon-api": "*"
      }
    },
    "string_decoder": {
      "version": "1.1.1",
      "requires": {
        "safe-buffer": "~5.1.0"
      }
    },
    "tweetnacl": {
      "version": "1.0.3"
    },
    "typedarray": {
      "version": "0.0.6"
    },
    "util-deprecate": {
      "version": "1.0.2"
    },
    "when": {
      "version": "3.7.8",
      "resolved": "https://registry.npmjs.org/when/-/when-3.7.8.tgz",
      "integrity": "sha1-xxMLan6gRpPoQs3J56Hyqjmjn4I="
    },
    "ws": {
      "version": "7.4.4",
      "requires": {}
    },
    "ytdl-core": {
      "version": "4.5.0",
      "resolved": "https://registry.npmjs.org/ytdl-core/-/ytdl-core-4.5.0.tgz",
      "integrity": "sha512-e8r6skrakWNixsVlNPBMoRM1HrdW1swE97If9nenDUjF65uogYk4DvxIuqlmqRfBWKe+6aIZwqedNxUU9XLYJA==",
      "requires": {
        "m3u8stream": "^0.8.3",
        "miniget": "^4.0.0",
        "sax": "^1.1.3"
      }
    }
  }
}
